<?xml version="1.0" encoding="utf-8"?>
<Project ToolsVersion="4.0" xmlns="http://schemas.microsoft.com/developer/msbuild/2003">
  <ItemGroup>
    <Filter Include="소스 파일">
      <UniqueIdentifier>{4FC737F1-C7A5-4376-A066-2A32D752A2FF}</UniqueIdentifier>
      <Extensions>cpp;c;cc;cxx;c++;cppm;ixx;def;odl;idl;hpj;bat;asm;asmx</Extensions>
    </Filter>
    <Filter Include="헤더 파일">
      <UniqueIdentifier>{93995380-89BD-4b04-88EB-625FBE52EBFB}</UniqueIdentifier>
      <Extensions>h;hh;hpp;hxx;h++;hm;inl;inc;ipp;xsd</Extensions>
    </Filter>
    <Filter Include="리소스 파일">
      <UniqueIdentifier>{67DA6AB6-F800-4c08-8B7A-83BB121AAD01}</UniqueIdentifier>
      <Extensions>rc;ico;cur;bmp;dlg;rc2;rct;bin;rgs;gif;jpg;jpeg;jpe;resx;tiff;tif;png;wav;mfcribbon-ms</Extensions>
    </Filter>
    <Filter Include="헤더 파일\headers">
      <UniqueIdentifier>{1be715e6-dbd5-439e-94a6-cde713e81c3a}</UniqueIdentifier>
    </Filter>
    <Filter Include="소스 파일\MainUpdate">
      <UniqueIdentifier>{dba6e335-f941-471e-93f2-6067a4a61564}</UniqueIdentifier>
    </Filter>
    <Filter Include="소스 파일\Vector2">
      <UniqueIdentifier>{a8b98616-8c24-4046-b60a-ba3838ce4415}</UniqueIdentifier>
    </Filter>
    <Filter Include="헤더 파일\Include">
      <UniqueIdentifier>{329539b2-2698-4df5-822c-a57768f44338}</UniqueIdentifier>
    </Filter>
    <Filter Include="소스 파일\Manager">
      <UniqueIdentifier>{8cf2023e-8a41-4a25-acfe-b588ad06e3d3}</UniqueIdentifier>
    </Filter>
    <Filter Include="소스 파일\Object">
      <UniqueIdentifier>{d2017e33-0122-4440-bbc4-aab8d2cf26ef}</UniqueIdentifier>
    </Filter>
    <Filter Include="소스 파일\Manager\Singleton">
      <UniqueIdentifier>{a8329606-e539-4c1d-90a7-dfe7b21b0d57}</UniqueIdentifier>
    </Filter>
    <Filter Include="소스 파일\Object\Character">
      <UniqueIdentifier>{30cc2e16-ffb8-4128-abc3-27eaf05c0621}</UniqueIdentifier>
    </Filter>
    <Filter Include="소스 파일\Object\Bullet">
      <UniqueIdentifier>{0a103e20-f095-4225-b92a-da5d955ea63e}</UniqueIdentifier>
    </Filter>
    <Filter Include="소스 파일\Object\Enemy">
      <UniqueIdentifier>{0afead2c-0ac9-4826-bb4e-5ee9561a086f}</UniqueIdentifier>
    </Filter>
    <Filter Include="소스 파일\Transform">
      <UniqueIdentifier>{2ac3185b-540b-4467-8530-8cb3e901cc1f}</UniqueIdentifier>
    </Filter>
    <Filter Include="소스 파일\Manager\InputManager">
      <UniqueIdentifier>{e2ee35b5-a547-4fdb-b3ca-8009175795aa}</UniqueIdentifier>
    </Filter>
    <Filter Include="소스 파일\Manager\SceneManager">
      <UniqueIdentifier>{0975e5bf-a336-4331-8366-b37f3934e155}</UniqueIdentifier>
    </Filter>
    <Filter Include="소스 파일\Scene">
      <UniqueIdentifier>{4c8e2fb7-61be-43f6-9175-bc02d0d2ecf3}</UniqueIdentifier>
    </Filter>
    <Filter Include="소스 파일\Manager\02. DrawManager">
      <UniqueIdentifier>{0b496203-435f-4a97-ae80-7f86c4be4174}</UniqueIdentifier>
    </Filter>
    <Filter Include="소스 파일\Manager\01. GameManager">
      <UniqueIdentifier>{4b2c71cc-ed59-42a1-8966-6f1954352d85}</UniqueIdentifier>
    </Filter>
    <Filter Include="소스 파일\Scene\Menu">
      <UniqueIdentifier>{901ee896-1d54-467d-9c53-990d47beba31}</UniqueIdentifier>
    </Filter>
    <Filter Include="소스 파일\Scene\Logo">
      <UniqueIdentifier>{b6ef2cdb-6fec-4c03-abe4-210ec1c54a5c}</UniqueIdentifier>
    </Filter>
    <Filter Include="소스 파일\Scene\Main">
      <UniqueIdentifier>{80f07cbb-0ea2-41d8-a7e5-29f3e534fd97}</UniqueIdentifier>
    </Filter>
    <Filter Include="소스 파일\Manager\ObjectManager">
      <UniqueIdentifier>{3121ec7c-d353-4f37-9a0e-c9123cd812f3}</UniqueIdentifier>
    </Filter>
    <Filter Include="소스 파일\Manager\PlayerManager">
      <UniqueIdentifier>{4c1c044f-e96a-4127-96c3-d308a41eddbb}</UniqueIdentifier>
    </Filter>
    <Filter Include="소스 파일\Pattern">
      <UniqueIdentifier>{29a566c3-b0af-428b-8913-a71c1202a0fc}</UniqueIdentifier>
    </Filter>
    <Filter Include="소스 파일\Pattern\Factory">
      <UniqueIdentifier>{b3ddc6f9-0e3e-4316-9092-707d8e899cec}</UniqueIdentifier>
    </Filter>
    <Filter Include="소스 파일\Pattern\ObjectPool">
      <UniqueIdentifier>{6887f2c8-49dd-4f77-8ee0-02f14d3663ec}</UniqueIdentifier>
    </Filter>
    <Filter Include="소스 파일\Pattern\Prototype">
      <UniqueIdentifier>{a5d12983-fb95-49b7-a950-ef13e7bb8c66}</UniqueIdentifier>
    </Filter>
    <Filter Include="소스 파일\Bridge">
      <UniqueIdentifier>{b44fc40e-d232-427e-a5b7-adc12a37a725}</UniqueIdentifier>
    </Filter>
    <Filter Include="소스 파일\Bridge\BulletBridge">
      <UniqueIdentifier>{ee5e01f8-bfac-4fdf-aecd-8d383d3275c5}</UniqueIdentifier>
    </Filter>
    <Filter Include="소스 파일\Bridge\BulletBridge\NormalBullet">
      <UniqueIdentifier>{a389e8e8-692b-44ce-a1c7-c47dd5a200a8}</UniqueIdentifier>
    </Filter>
    <Filter Include="소스 파일\Bridge\BulletBridge\GuideBullet">
      <UniqueIdentifier>{3ccc4997-71c9-440d-b14b-4e95728e0072}</UniqueIdentifier>
    </Filter>
  </ItemGroup>
  <ItemGroup>
    <ClInclude Include="WIN32APIFramework.h">
      <Filter>헤더 파일\headers</Filter>
    </ClInclude>
    <ClInclude Include="targetver.h">
      <Filter>헤더 파일\headers</Filter>
    </ClInclude>
    <ClInclude Include="Resource.h">
      <Filter>헤더 파일\headers</Filter>
    </ClInclude>
    <ClInclude Include="framework.h">
      <Filter>헤더 파일\headers</Filter>
    </ClInclude>
    <ClInclude Include="MainUpdate.h">
      <Filter>소스 파일\MainUpdate</Filter>
    </ClInclude>
    <ClInclude Include="Include.h">
      <Filter>헤더 파일\Include</Filter>
    </ClInclude>
    <ClInclude Include="Define.h">
      <Filter>헤더 파일\Include</Filter>
    </ClInclude>
    <ClInclude Include="Vector2.h">
      <Filter>소스 파일\Vector2</Filter>
    </ClInclude>
    <ClInclude Include="Transform.h">
      <Filter>소스 파일\Transform</Filter>
    </ClInclude>
    <ClInclude Include="Object.h">
      <Filter>소스 파일\Object</Filter>
    </ClInclude>
    <ClInclude Include="Singleton.h">
      <Filter>소스 파일\Manager\Singleton</Filter>
    </ClInclude>
    <ClInclude Include="Bullet.h">
      <Filter>소스 파일\Object\Bullet</Filter>
    </ClInclude>
    <ClInclude Include="Mathf.h">
      <Filter>헤더 파일\Include</Filter>
    </ClInclude>
    <ClInclude Include="Enemy.h">
      <Filter>소스 파일\Object\Enemy</Filter>
    </ClInclude>
    <ClInclude Include="DrawManager.h">
      <Filter>소스 파일\Manager\02. DrawManager</Filter>
    </ClInclude>
    <ClInclude Include="InputManager.h">
      <Filter>소스 파일\Manager\InputManager</Filter>
    </ClInclude>
    <ClInclude Include="ObjectManager.h">
      <Filter>소스 파일\Manager\ObjectManager</Filter>
    </ClInclude>
    <ClInclude Include="PlayerManager.h">
      <Filter>소스 파일\Manager\PlayerManager</Filter>
    </ClInclude>
    <ClInclude Include="GameManager.h">
      <Filter>소스 파일\Manager\01. GameManager</Filter>
    </ClInclude>
    <ClInclude Include="SceneManager.h">
      <Filter>소스 파일\Manager\SceneManager</Filter>
    </ClInclude>
    <ClInclude Include="Scene.h">
      <Filter>소스 파일\Scene</Filter>
    </ClInclude>
    <ClInclude Include="Menu.h">
      <Filter>소스 파일\Scene\Menu</Filter>
    </ClInclude>
    <ClInclude Include="Logo.h">
      <Filter>소스 파일\Scene\Logo</Filter>
    </ClInclude>
    <ClInclude Include="Main.h">
      <Filter>소스 파일\Scene\Main</Filter>
    </ClInclude>
    <ClInclude Include="Prototype.h">
      <Filter>소스 파일\Pattern\Prototype</Filter>
    </ClInclude>
    <ClInclude Include="ObjectFactory.h">
      <Filter>소스 파일\Pattern\Factory</Filter>
    </ClInclude>
    <ClInclude Include="ObjectPoolManager.h">
      <Filter>소스 파일\Pattern\ObjectPool</Filter>
    </ClInclude>
    <ClInclude Include="Bridge.h">
      <Filter>소스 파일\Bridge</Filter>
    </ClInclude>
    <ClInclude Include="BulletBridge.h">
      <Filter>소스 파일\Bridge\BulletBridge</Filter>
    </ClInclude>
    <ClInclude Include="Character.h">
      <Filter>소스 파일\Object\Character</Filter>
    </ClInclude>
    <ClInclude Include="NormalBullet.h">
      <Filter>소스 파일\Bridge\BulletBridge\NormalBullet</Filter>
    </ClInclude>
    <ClInclude Include="GuideBullet.h">
      <Filter>소스 파일\Bridge\BulletBridge\GuideBullet</Filter>
    </ClInclude>
  </ItemGroup>
  <ItemGroup>
    <ClCompile Include="WIN32APIFramework.cpp">
      <Filter>소스 파일</Filter>
    </ClCompile>
    <ClCompile Include="Transform.cpp">
      <Filter>소스 파일\Transform</Filter>
    </ClCompile>
    <ClCompile Include="Object.cpp">
      <Filter>소스 파일\Object</Filter>
    </ClCompile>
    <ClCompile Include="Character.cpp">
      <Filter>소스 파일\Object\Character</Filter>
    </ClCompile>
    <ClCompile Include="Bullet.cpp">
      <Filter>소스 파일\Object\Bullet</Filter>
    </ClCompile>
    <ClCompile Include="Enemy.cpp">
      <Filter>소스 파일\Object\Enemy</Filter>
    </ClCompile>
    <ClCompile Include="DrawManager.cpp">
      <Filter>소스 파일\Manager\02. DrawManager</Filter>
    </ClCompile>
    <ClCompile Include="InputManager.cpp">
      <Filter>소스 파일\Manager\InputManager</Filter>
    </ClCompile>
    <ClCompile Include="ObjectManager.cpp">
      <Filter>소스 파일\Manager\ObjectManager</Filter>
    </ClCompile>
    <ClCompile Include="PlayerManager.cpp">
      <Filter>소스 파일\Manager\PlayerManager</Filter>
    </ClCompile>
    <ClCompile Include="GameManager.cpp">
      <Filter>소스 파일\Manager\01. GameManager</Filter>
    </ClCompile>
    <ClCompile Include="Singleton.cpp">
      <Filter>소스 파일\Manager\Singleton</Filter>
    </ClCompile>
    <ClCompile Include="SceneManager.cpp">
      <Filter>소스 파일\Manager\SceneManager</Filter>
    </ClCompile>
    <ClCompile Include="Scene.cpp">
      <Filter>소스 파일\Scene</Filter>
    </ClCompile>
    <ClCompile Include="Menu.cpp">
      <Filter>소스 파일\Scene\Menu</Filter>
    </ClCompile>
    <ClCompile Include="Logo.cpp">
      <Filter>소스 파일\Scene\Logo</Filter>
    </ClCompile>
    <ClCompile Include="Main.cpp">
      <Filter>소스 파일\Scene\Main</Filter>
    </ClCompile>
    <ClCompile Include="Prototype.cpp">
      <Filter>소스 파일\Pattern\Prototype</Filter>
    </ClCompile>
    <ClCompile Include="MainUpdate.cpp">
      <Filter>소스 파일\MainUpdate</Filter>
    </ClCompile>
    <ClCompile Include="ObjectPoolManager.cpp">
      <Filter>소스 파일\Pattern\ObjectPool</Filter>
    </ClCompile>
    <ClCompile Include="Bridge.cpp">
      <Filter>소스 파일\Bridge</Filter>
    </ClCompile>
    <ClCompile Include="BulletBridge.cpp">
      <Filter>소스 파일\Bridge\BulletBridge</Filter>
    </ClCompile>
    <ClCompile Include="NormalBullet.cpp">
      <Filter>소스 파일\Bridge\BulletBridge\NormalBullet</Filter>
    </ClCompile>
    <ClCompile Include="GuideBullet.cpp">
      <Filter>소스 파일\Bridge\BulletBridge\GuideBullet</Filter>
    </ClCompile>
  </ItemGroup>
  <ItemGroup>
    <ResourceCompile Include="WIN32APIFramework.rc">
      <Filter>리소스 파일</Filter>
    </ResourceCompile>
  </ItemGroup>
  <ItemGroup>
    <Image Include="small.ico">
      <Filter>리소스 파일</Filter>
    </Image>
    <Image Include="WIN32APIFramework.ico">
      <Filter>리소스 파일</Filter>
    </Image>
  </ItemGroup>
  <ItemGroup>
    <None Include="cpp.hint" />
  </ItemGroup>
</Project>